
Microsoft Visual Studio Solution File, Format Version 12.00
# Visual Studio 15
Project("{FAE04EC0-301F-11D3-BF4B-00C04F79EFBC}") = "Assembly-CSharp", "Assembly-CSharp.csproj", "{56F117EE-1188-2634-ED8B-C9D08ED768E4}"
EndProject
Project("{FAE04EC0-301F-11D3-BF4B-00C04F79EFBC}") = "Assembly-CSharp-Editor", "Assembly-CSharp-Editor.csproj", "{1573F492-03B6-3BE6-5012-2707A42A8D5B}"
EndProject
Global
	GlobalSection(SolutionConfigurationPlatforms) = preSolution
		Debug|Any CPU = Debug|Any CPU
		Release|Any CPU = Release|Any CPU
	EndGlobalSection
	GlobalSection(ProjectConfigurationPlatforms) = postSolution
		{56F117EE-1188-2634-ED8B-C9D08ED768E4}.Debug|Any CPU.ActiveCfg = Debug|Any CPU
		{56F117EE-1188-2634-ED8B-C9D08ED768E4}.Debug|Any CPU.Build.0 = Debug|Any CPU
		{56F117EE-1188-2634-ED8B-C9D08ED768E4}.Release|Any CPU.ActiveCfg = Release|Any CPU
		{56F117EE-1188-2634-ED8B-C9D08ED768E4}.Release|Any CPU.Build.0 = Release|Any CPU
		{1573F492-03B6-3BE6-5012-2707A42A8D5B}.Debug|Any CPU.ActiveCfg = Debug|Any CPU
		{1573F492-03B6-3BE6-5012-2707A42A8D5B}.Debug|Any CPU.Build.0 = Debug|Any CPU
		{1573F492-03B6-3BE6-5012-2707A42A8D5B}.Release|Any CPU.ActiveCfg = Release|Any CPU
		{1573F492-03B6-3BE6-5012-2707A42A8D5B}.Release|Any CPU.Build.0 = Release|Any CPU
	EndGlobalSection
	GlobalSection(SolutionProperties) = preSolution
		HideSolutionNode = FALSE
	EndGlobalSection
EndGlobal
